<?xml version="1.0" encoding="utf-8"?>
<Project ToolsVersion="4.0" xmlns="http://schemas.microsoft.com/developer/msbuild/2003">
  <ItemGroup>
    <Filter Include="Source Files">
      <UniqueIdentifier>{4FC737F1-C7A5-4376-A066-2A32D752A2FF}</UniqueIdentifier>
      <Extensions>cpp;c;cc;cxx;def;odl;idl;hpj;bat;asm;asmx</Extensions>
    </Filter>
    <Filter Include="Header Files">
      <UniqueIdentifier>{93995380-89BD-4b04-88EB-625FBE52EBFB}</UniqueIdentifier>
      <Extensions>h;hh;hpp;hxx;hm;inl;inc;ipp;xsd</Extensions>
    </Filter>
    <Filter Include="Resource Files">
      <UniqueIdentifier>{67DA6AB6-F800-4c08-8B7A-83BB121AAD01}</UniqueIdentifier>
      <Extensions>rc;ico;cur;bmp;dlg;rc2;rct;bin;rgs;gif;jpg;jpeg;jpe;resx;tiff;tif;png;wav;mfcribbon-ms</Extensions>
    </Filter>
    <Filter Include="Header Files\Templates">
      <UniqueIdentifier>{4d9d5b44-b1ce-4ff7-a62a-0572c234ba15}</UniqueIdentifier>
    </Filter>
    <Filter Include="Header Files\Accessors">
      <UniqueIdentifier>{f5ecb5ce-c925-4788-a90b-1f26ebab9571}</UniqueIdentifier>
    </Filter>
    <Filter Include="Header Files\Data">
      <UniqueIdentifier>{373f34e0-9376-4cba-8fed-d807e076fe7e}</UniqueIdentifier>
    </Filter>
    <Filter Include="Header Files\Dialogs">
      <UniqueIdentifier>{8e076262-fa6e-4c2a-a64b-6935558ad872}</UniqueIdentifier>
    </Filter>
    <Filter Include="Header Files\Documents">
      <UniqueIdentifier>{31e94676-ae0b-479e-8259-25e1ee1fa5ae}</UniqueIdentifier>
    </Filter>
    <Filter Include="Header Files\Tables">
      <UniqueIdentifier>{80b1d426-c9c6-4564-b308-16b10dd2ec84}</UniqueIdentifier>
    </Filter>
    <Filter Include="Header Files\Views">
      <UniqueIdentifier>{a7208ca1-e8ef-4e41-a5d1-36f81b4f4520}</UniqueIdentifier>
    </Filter>
    <Filter Include="Source Files\Data">
      <UniqueIdentifier>{a0b8d902-e18b-4209-a5cc-62dbc0b691f8}</UniqueIdentifier>
    </Filter>
    <Filter Include="Source Files\Dialogs">
      <UniqueIdentifier>{4a414cbb-47fe-4555-afc5-df372ed3951f}</UniqueIdentifier>
    </Filter>
    <Filter Include="Source Files\Documents">
      <UniqueIdentifier>{e8a6cee7-c266-41ec-944d-d32c86789db2}</UniqueIdentifier>
    </Filter>
    <Filter Include="Source Files\Tables">
      <UniqueIdentifier>{80601fd4-86c3-4289-bc9c-52e959f09a99}</UniqueIdentifier>
    </Filter>
    <Filter Include="Source Files\Views">
      <UniqueIdentifier>{69dd6dcf-5b7b-403e-844e-a62bbdb521bd}</UniqueIdentifier>
    </Filter>
  </ItemGroup>
  <ItemGroup>
    <ClInclude Include="PhoneBook.h">
      <Filter>Header Files</Filter>
    </ClInclude>
    <ClInclude Include="framework.h">
      <Filter>Header Files</Filter>
    </ClInclude>
    <ClInclude Include="targetver.h">
      <Filter>Header Files</Filter>
    </ClInclude>
    <ClInclude Include="MainFrm.h">
      <Filter>Header Files</Filter>
    </ClInclude>
    <ClInclude Include="ChildFrm.h">
      <Filter>Header Files</Filter>
    </ClInclude>
    <ClInclude Include="Resource.h">
      <Filter>Header Files</Filter>
    </ClInclude>
    <ClInclude Include="pch.h">
      <Filter>Header Files</Filter>
    </ClInclude>
    <ClInclude Include="DBConnector.h">
      <Filter>Header Files</Filter>
    </ClInclude>
    <ClInclude Include="TemplateDocument.h">
      <Filter>Header Files\Templates</Filter>
    </ClInclude>
    <ClInclude Include="TemplateTable.h">
      <Filter>Header Files\Templates</Filter>
    </ClInclude>
    <ClInclude Include="CitiesAccessor.h">
      <Filter>Header Files\Accessors</Filter>
    </ClInclude>
    <ClInclude Include="PersonsAccessor.h">
      <Filter>Header Files\Accessors</Filter>
    </ClInclude>
    <ClInclude Include="PhoneNumbersAccessor.h">
      <Filter>Header Files\Accessors</Filter>
    </ClInclude>
    <ClInclude Include="PhoneTypesAccessor.h">
      <Filter>Header Files\Accessors</Filter>
    </ClInclude>
    <ClInclude Include="CitiesData.h">
      <Filter>Header Files\Data</Filter>
    </ClInclude>
    <ClInclude Include="PersonsData.h">
      <Filter>Header Files\Data</Filter>
    </ClInclude>
    <ClInclude Include="PhoneTypesData.h">
      <Filter>Header Files\Data</Filter>
    </ClInclude>
    <ClInclude Include="CitiesDialog.h">
      <Filter>Header Files\Dialogs</Filter>
    </ClInclude>
    <ClInclude Include="PersonsDialog.h">
      <Filter>Header Files\Dialogs</Filter>
    </ClInclude>
    <ClInclude Include="PhoneTypesDialog.h">
      <Filter>Header Files\Dialogs</Filter>
    </ClInclude>
    <ClInclude Include="CitiesDoc.h">
      <Filter>Header Files\Documents</Filter>
    </ClInclude>
    <ClInclude Include="PersonsDocument.h">
      <Filter>Header Files\Documents</Filter>
    </ClInclude>
    <ClInclude Include="PhoneTypesDocument.h">
      <Filter>Header Files\Documents</Filter>
    </ClInclude>
    <ClInclude Include="CitiesTable.h">
      <Filter>Header Files\Tables</Filter>
    </ClInclude>
    <ClInclude Include="PersonsTable.h">
      <Filter>Header Files\Tables</Filter>
    </ClInclude>
    <ClInclude Include="PhoneNumbersTable.h">
      <Filter>Header Files\Tables</Filter>
    </ClInclude>
    <ClInclude Include="PhoneTypesTable.h">
      <Filter>Header Files\Tables</Filter>
    </ClInclude>
    <ClInclude Include="CitiesView.h">
      <Filter>Header Files\Views</Filter>
    </ClInclude>
    <ClInclude Include="PhoneTypesView.h">
      <Filter>Header Files\Views</Filter>
    </ClInclude>
    <ClInclude Include="PersonsView.h">
      <Filter>Header Files\Views</Filter>
    </ClInclude>
    <ClInclude Include="Structures.h">
      <Filter>Header Files</Filter>
    </ClInclude>
    <ClInclude Include="AutoReleaseTypedPtrArray.h">
      <Filter>Header Files</Filter>
    </ClInclude>
    <ClInclude Include="PersonWithPhoneNums.h">
      <Filter>Header Files</Filter>
    </ClInclude>
    <ClInclude Include="ObjectWrapper.h">
      <Filter>Header Files\Templates</Filter>
    </ClInclude>
    <ClInclude Include="Operations.h">
      <Filter>Header Files</Filter>
    </ClInclude>
    <ClInclude Include="PhoneNumbersDialog.h">
      <Filter>Header Files\Dialogs</Filter>
    </ClInclude>
  </ItemGroup>
  <ItemGroup>
    <ClCompile Include="PhoneBook.cpp">
      <Filter>Source Files</Filter>
    </ClCompile>
    <ClCompile Include="MainFrm.cpp">
      <Filter>Source Files</Filter>
    </ClCompile>
    <ClCompile Include="ChildFrm.cpp">
      <Filter>Source Files</Filter>
    </ClCompile>
    <ClCompile Include="pch.cpp">
      <Filter>Source Files</Filter>
    </ClCompile>
    <ClCompile Include="DBConnector.cpp">
      <Filter>Source Files</Filter>
    </ClCompile>
    <ClCompile Include="PersonsData.cpp">
      <Filter>Source Files\Data</Filter>
    </ClCompile>
    <ClCompile Include="PhoneTypesData.cpp">
      <Filter>Source Files\Data</Filter>
    </ClCompile>
    <ClCompile Include="CitiesData.cpp">
      <Filter>Source Files\Data</Filter>
    </ClCompile>
    <ClCompile Include="CitiesDialog.cpp">
      <Filter>Source Files\Dialogs</Filter>
    </ClCompile>
    <ClCompile Include="PersonsDialog.cpp">
      <Filter>Source Files\Dialogs</Filter>
    </ClCompile>
    <ClCompile Include="PhoneTypesDialog.cpp">
      <Filter>Source Files\Dialogs</Filter>
    </ClCompile>
    <ClCompile Include="CitiesDoc.cpp">
      <Filter>Source Files\Documents</Filter>
    </ClCompile>
    <ClCompile Include="PersonsDocument.cpp">
      <Filter>Source Files\Documents</Filter>
    </ClCompile>
    <ClCompile Include="PhoneTypesDocument.cpp">
      <Filter>Source Files\Documents</Filter>
    </ClCompile>
    <ClCompile Include="CitiesTable.cpp">
      <Filter>Source Files\Tables</Filter>
    </ClCompile>
    <ClCompile Include="PersonsTable.cpp">
      <Filter>Source Files\Tables</Filter>
    </ClCompile>
    <ClCompile Include="PhoneNumbersTable.cpp">
      <Filter>Source Files\Tables</Filter>
    </ClCompile>
    <ClCompile Include="PhoneTypesTable.cpp">
      <Filter>Source Files\Tables</Filter>
    </ClCompile>
    <ClCompile Include="CitiesView.cpp">
      <Filter>Source Files\Views</Filter>
    </ClCompile>
    <ClCompile Include="PersonsView.cpp">
      <Filter>Source Files\Views</Filter>
    </ClCompile>
    <ClCompile Include="PhoneTypesView.cpp">
      <Filter>Source Files\Views</Filter>
    </ClCompile>
    <ClCompile Include="PersonWithPhoneNumbers.cpp">
      <Filter>Source Files</Filter>
    </ClCompile>
    <ClCompile Include="PhoneNumbersDialog.cpp">
      <Filter>Source Files\Dialogs</Filter>
    </ClCompile>
  </ItemGroup>
  <ItemGroup>
    <ResourceCompile Include="PhoneBook.rc">
      <Filter>Resource Files</Filter>
    </ResourceCompile>
  </ItemGroup>
  <ItemGroup>
    <Image Include="res\PhoneBookDoc.ico">
      <Filter>Resource Files</Filter>
    </Image>
    <Image Include="res\PhoneBook.ico">
      <Filter>Resource Files</Filter>
    </Image>
  </ItemGroup>
  <ItemGroup>
    <None Include="res\PhoneBook.rc2">
      <Filter>Resource Files</Filter>
    </None>
  </ItemGroup>
</Project>